
Microsoft Visual Studio Solution File, Format Version 12.00
# Visual Studio Version 17
VisualStudioVersion = 17.8.34330.188
MinimumVisualStudioVersion = 10.0.40219.1
Project("{FAE04EC0-301F-11D3-BF4B-00C04F79EFBC}") = "WinFormsApp_FastFoodOrder", "WinFormsApp_FastFoodOrder.csproj", "{8A137775-675D-4118-9E94-D74F69BF319F}"
EndProject
Global
	GlobalSection(SolutionConfigurationPlatforms) = preSolution
		Debug|Any CPU = Debug|Any CPU
		Release|Any CPU = Release|Any CPU
	EndGlobalSection
	GlobalSection(ProjectConfigurationPlatforms) = postSolution
		{8A137775-675D-4118-9E94-D74F69BF319F}.Debug|Any CPU.ActiveCfg = Debug|Any CPU
		{8A137775-675D-4118-9E94-D74F69BF319F}.Debug|Any CPU.Build.0 = Debug|Any CPU
		{8A137775-675D-4118-9E94-D74F69BF319F}.Release|Any CPU.ActiveCfg = Release|Any CPU
		{8A137775-675D-4118-9E94-D74F69BF319F}.Release|Any CPU.Build.0 = Release|Any CPU
	EndGlobalSection
	GlobalSection(SolutionProperties) = preSolution
		HideSolutionNode = FALSE
	EndGlobalSection
	GlobalSection(ExtensibilityGlobals) = postSolution
		SolutionGuid = {2D5FA8A2-D160-4DD7-A803-88DA74481906}
	EndGlobalSection
EndGlobal
